{
  "name": "@imagina/qcrud",
  "version": "0.0.15",
  "lockfileVersion": 1,
  "requires": true,
  "dependencies": {
    "@imagina/qcrud": {
      "version": "0.0.15",
      "resolved": "https://registry.npmjs.org/@imagina/qcrud/-/qcrud-0.0.15.tgz",
      "integrity": "sha512-fhIex6RXidExYm2T+Dfrjafm1eb7zVpS5T0VqpITqMuzZBfO5Cxkip0U20HMqAI7ICBvyP1cFq3QfgZT1dbYLg==",
      "requires": {
        "@imagina/qhelper": ">=0.0.6",
        "@imagina/quser": ">=0.0.16",
        "@riophae/vue-treeselect": "0.0.30",
        "axios": "^0.18.0",
        "date-fns": "^1.29.0",
        "export-from-json": "^1.0.15",
        "lodash.pick": "^4.4.0",
        "vuelidate": "^0.7.4"
      }
    },
    "@imagina/qhelper": {
      "version": "0.0.11",
      "resolved": "https://registry.npmjs.org/@imagina/qhelper/-/qhelper-0.0.11.tgz",
      "integrity": "sha512-OcdL+ANTPE7rmzrsq6UTSDGQRnHnhg70pftRa9VhSuIxXAGujIAm1pf7mBy8V6/J8M4hx3NNvbQ6sE87TlEBCg==",
      "requires": {
        "axios": "^0.18.0",
        "laravel-echo": "^1.4.0",
        "localforage": "^1.7.2",
        "pusher-js": "^4.3.1",
        "vuelidate": "^0.7.4"
      }
    },
    "@imagina/quser": {
      "version": "0.0.22",
      "resolved": "https://registry.npmjs.org/@imagina/quser/-/quser-0.0.22.tgz",
      "integrity": "sha512-MsHFYFhc6YokJo5gdOuyW/6T3JcdAgWVgtzg6pJJ6uGd4zMZa8wAQhlH8ePaOutAWU6Nu5QSnpjyBXeLxnWnvA==",
      "requires": {
        "@imagina/qcrud": ">=0.0.11",
        "@imagina/qhelper": ">=0.0.7",
        "@riophae/vue-treeselect": "0.0.30",
        "axios": "^0.18.0",
        "date-fns": "^1.29.0",
        "export-from-json": "^1.0.15",
        "lodash.pick": "^4.4.0",
        "vuelidate": "^0.7.4"
      }
    },
    "@riophae/vue-treeselect": {
      "version": "0.0.30",
      "resolved": "https://registry.npmjs.org/@riophae/vue-treeselect/-/vue-treeselect-0.0.30.tgz",
      "integrity": "sha512-M/duHBIzastt0jZRCBPUPXAjBn9mOUutSclWYLhZVeHbdFlp5sMMwkfYz9Pc4LGw5CaIKv7zEmheIqSA19xqZA==",
      "requires": {
        "easings-css": "^1.0.0",
        "fuzzysearch": "^1.0.3",
        "google-material-color": "^1.3.1",
        "lodash": "^4.0.0"
      }
    },
    "axios": {
      "version": "0.18.0",
      "resolved": "http://registry.npmjs.org/axios/-/axios-0.18.0.tgz",
      "integrity": "sha1-MtU+SFHv3AoRmTts0AB4nXDAUQI=",
      "requires": {
        "follow-redirects": "^1.3.0",
        "is-buffer": "^1.1.5"
      }
    },
    "date-fns": {
      "version": "1.29.0",
      "resolved": "https://registry.npmjs.org/date-fns/-/date-fns-1.29.0.tgz",
      "integrity": "sha512-lbTXWZ6M20cWH8N9S6afb0SBm6tMk+uUg6z3MqHPKE9atmsY3kJkTm8vKe93izJ2B2+q5MV990sM2CHgtAZaOw=="
    },
    "debug": {
      "version": "3.1.0",
      "resolved": "https://registry.npmjs.org/debug/-/debug-3.1.0.tgz",
      "integrity": "sha512-OX8XqP7/1a9cqkxYw2yXss15f26NKWBpDXQd0/uK/KPqdQhxbPa994hnzjcE2VqQpDslf55723cKPUOGSmMY3g==",
      "requires": {
        "ms": "2.0.0"
      }
    },
    "easings-css": {
      "version": "1.0.0",
      "resolved": "https://registry.npmjs.org/easings-css/-/easings-css-1.0.0.tgz",
      "integrity": "sha512-7Uq7NdazNfVtr0RNmPAys8it0zKCuaqxJStYKEl72D3j4gbvXhhaM7iWNbqhA4C94ygCye6VuyhzBRQC4szeBg=="
    },
    "export-from-json": {
      "version": "1.1.0",
      "resolved": "https://registry.npmjs.org/export-from-json/-/export-from-json-1.1.0.tgz",
      "integrity": "sha512-4qDu5anpSmAFdTsjSy5qiR85UlezRvcp7AG6XCD8PyTwKqpWahj0tgO+d0YDWQCe3gONoRpa+WDOuDw8va4vVw=="
    },
    "faye-websocket": {
      "version": "0.9.4",
      "resolved": "https://registry.npmjs.org/faye-websocket/-/faye-websocket-0.9.4.tgz",
      "integrity": "sha1-iFk0x57/sECVSeDAo4Ae0XpAza0=",
      "requires": {
        "websocket-driver": ">=0.5.1"
      }
    },
    "follow-redirects": {
      "version": "1.5.8",
      "resolved": "https://registry.npmjs.org/follow-redirects/-/follow-redirects-1.5.8.tgz",
      "integrity": "sha512-sy1mXPmv7kLAMKW/8XofG7o9T+6gAjzdZK4AJF6ryqQYUa/hnzgiypoeUecZ53x7XiqKNEpNqLtS97MshW2nxg==",
      "requires": {
        "debug": "=3.1.0"
      }
    },
    "fuzzysearch": {
      "version": "1.0.3",
      "resolved": "https://registry.npmjs.org/fuzzysearch/-/fuzzysearch-1.0.3.tgz",
      "integrity": "sha1-3/yA9tawQiPyImqnndGUIxCW0Ag="
    },
    "google-material-color": {
      "version": "1.3.1",
      "resolved": "https://registry.npmjs.org/google-material-color/-/google-material-color-1.3.1.tgz",
      "integrity": "sha1-mAgtTthq9DuzqxHEmoHrmcrKEFY=",
      "requires": {
        "lodash": "^2.4.1"
      },
      "dependencies": {
        "lodash": {
          "version": "2.4.2",
          "resolved": "http://registry.npmjs.org/lodash/-/lodash-2.4.2.tgz",
          "integrity": "sha1-+t2DS5aDBz2hebPq5tnA0VBT9z4="
        }
      }
    },
    "http-parser-js": {
      "version": "0.4.13",
      "resolved": "https://registry.npmjs.org/http-parser-js/-/http-parser-js-0.4.13.tgz",
      "integrity": "sha1-O9bW/ebjFyyTNMOzO2wZPYD+ETc="
    },
    "immediate": {
      "version": "3.0.6",
      "resolved": "https://registry.npmjs.org/immediate/-/immediate-3.0.6.tgz",
      "integrity": "sha1-nbHb0Pr43m++D13V5Wu2BigN5ps="
    },
    "is-buffer": {
      "version": "1.1.6",
      "resolved": "https://registry.npmjs.org/is-buffer/-/is-buffer-1.1.6.tgz",
      "integrity": "sha512-NcdALwpXkTm5Zvvbk7owOUSvVvBKDgKP5/ewfXEznmQFfs4ZRmanOeKBTjRVjka3QFoN6XJ+9F3USqfHqTaU5w=="
    },
    "laravel-echo": {
      "version": "1.4.0",
      "resolved": "https://registry.npmjs.org/laravel-echo/-/laravel-echo-1.4.0.tgz",
      "integrity": "sha512-O0vkToCCpxuH9dYAlugTLQzG0BmxvGrjXim0LHZ0VPsFu/Y+sXnV9GvYbmcBq1rcJymQc/6GHMUCDY01lN26lQ=="
    },
    "lie": {
      "version": "3.1.1",
      "resolved": "https://registry.npmjs.org/lie/-/lie-3.1.1.tgz",
      "integrity": "sha1-mkNrLMd0bKWd56QfpGmz77dr2H4=",
      "requires": {
        "immediate": "~3.0.5"
      }
    },
    "localforage": {
      "version": "1.7.2",
      "resolved": "https://registry.npmjs.org/localforage/-/localforage-1.7.2.tgz",
      "integrity": "sha1-+kRCYC+Abt0rympUq05lbwMfEhw=",
      "requires": {
        "lie": "3.1.1"
      }
    },
    "lodash": {
      "version": "4.17.11",
      "resolved": "https://registry.npmjs.org/lodash/-/lodash-4.17.11.tgz",
      "integrity": "sha512-cQKh8igo5QUhZ7lg38DYWAxMvjSAKG0A8wGSVimP07SIUEK2UO+arSRKbRZWtelMtN5V0Hkwh5ryOto/SshYIg=="
    },
    "lodash.pick": {
      "version": "4.4.0",
      "resolved": "https://registry.npmjs.org/lodash.pick/-/lodash.pick-4.4.0.tgz",
      "integrity": "sha1-UvBWEP/53tQiYRRB7R/BI6AwAbM="
    },
    "ms": {
      "version": "2.0.0",
      "resolved": "https://registry.npmjs.org/ms/-/ms-2.0.0.tgz",
      "integrity": "sha1-VgiurfwAvmwpAd9fmGF4jeDVl8g="
    },
    "pusher-js": {
      "version": "4.3.1",
      "resolved": "https://registry.npmjs.org/pusher-js/-/pusher-js-4.3.1.tgz",
      "integrity": "sha512-qs2SNG7eFyALKDCsHqeKh/i8B9uW7QoaSR3CeUJE2xjYjg5saUCgvYx3cHwXaVTSAP43nVNb0InDiX49wp42Qg==",
      "requires": {
        "faye-websocket": "0.9.4",
        "tweetnacl": "^1.0.0",
        "tweetnacl-util": "^0.15.0",
        "xmlhttprequest": "^1.8.0"
      }
    },
    "tweetnacl": {
      "version": "1.0.0",
      "resolved": "https://registry.npmjs.org/tweetnacl/-/tweetnacl-1.0.0.tgz",
      "integrity": "sha1-cT2LgY2kIGh0C/aDhtBHnmb8ins="
    },
    "tweetnacl-util": {
      "version": "0.15.0",
      "resolved": "https://registry.npmjs.org/tweetnacl-util/-/tweetnacl-util-0.15.0.tgz",
      "integrity": "sha1-RXbBzuXi1j0gf+5S8boCgZSAvHU="
    },
    "vuelidate": {
      "version": "0.7.4",
      "resolved": "https://registry.npmjs.org/vuelidate/-/vuelidate-0.7.4.tgz",
      "integrity": "sha512-QHZWYOL325Zo+2K7VBNEJTZ496Kd8Z31p85aQJFldKudUUGBmgw4zu4ghl4CyqPwjRCmqZ9lDdx4FSdMnu4fGg=="
    },
    "websocket-driver": {
      "version": "0.7.0",
      "resolved": "https://registry.npmjs.org/websocket-driver/-/websocket-driver-0.7.0.tgz",
      "integrity": "sha1-DK+dLXVdk67gSdS90NP+LMoqJOs=",
      "requires": {
        "http-parser-js": ">=0.4.0",
        "websocket-extensions": ">=0.1.1"
      }
    },
    "websocket-extensions": {
      "version": "0.1.3",
      "resolved": "https://registry.npmjs.org/websocket-extensions/-/websocket-extensions-0.1.3.tgz",
      "integrity": "sha512-nqHUnMXmBzT0w570r2JpJxfiSD1IzoI+HGVdd3aZ0yNi3ngvQ4jv1dtHt5VGxfI2yj5yqImPhOK4vmIh2xMbGg=="
    },
    "xmlhttprequest": {
      "version": "1.8.0",
      "resolved": "https://registry.npmjs.org/xmlhttprequest/-/xmlhttprequest-1.8.0.tgz",
      "integrity": "sha1-Z/4HXFwk/vOfnWX197f+dRcZaPw="
    }
  }
}
